{
  "name": "WDD330_FinalProject",
  "lockfileVersion": 3,
  "requires": true,
  "packages": {
    "": {
      "dependencies": {
        "streaming-availability": "^4.4.0"
      }
    },
    "node_modules/streaming-availability": {
      "version": "4.4.0",
      "resolved": "https://registry.npmjs.org/streaming-availability/-/streaming-availability-4.4.0.tgz",
      "integrity": "sha512-SRrbCJSQXmN3lhmpE0UB3L25BosLEOvf1abjNaBgFh94slyZGttZcytlUPmWE5hj/3tJ2Ahlwx46QDwakjw1ZA==",
      "license": "MIT",
      "engines": {
        "node": ">=18.0.0"
      }
    }
  }
}
